
Microsoft Visual Studio Solution File, Format Version 12.00
# Visual Studio Version 17
VisualStudioVersion = 17.7.34024.191
MinimumVisualStudioVersion = 10.0.40219.1
Project("{9A19103F-16F7-4668-BE54-9A1E7A4F7556}") = "testinglogin", "testinglogin\testinglogin.csproj", "{0D9D0730-386D-4123-8DA4-5E7460946E86}"
EndProject
Global
	GlobalSection(SolutionConfigurationPlatforms) = preSolution
		Debug|Any CPU = Debug|Any CPU
		Release|Any CPU = Release|Any CPU
	EndGlobalSection
	GlobalSection(ProjectConfigurationPlatforms) = postSolution
		{0D9D0730-386D-4123-8DA4-5E7460946E86}.Debug|Any CPU.ActiveCfg = Debug|Any CPU
		{0D9D0730-386D-4123-8DA4-5E7460946E86}.Debug|Any CPU.Build.0 = Debug|Any CPU
		{0D9D0730-386D-4123-8DA4-5E7460946E86}.Release|Any CPU.ActiveCfg = Release|Any CPU
		{0D9D0730-386D-4123-8DA4-5E7460946E86}.Release|Any CPU.Build.0 = Release|Any CPU
	EndGlobalSection
	GlobalSection(SolutionProperties) = preSolution
		HideSolutionNode = FALSE
	EndGlobalSection
	GlobalSection(ExtensibilityGlobals) = postSolution
		SolutionGuid = {9BB8A230-02E8-4418-9881-A58772FB3AD6}
	EndGlobalSection
EndGlobal
